{
    "name": "githubnodemodules",
    "version": "1.0.0",
    "lockfileVersion": 2,
    "requires": true,
    "packages": {
        "": {
            "name": "githubnodemodules",
            "version": "1.0.0",
            "license": "MIT",
            "dependencies": {
                "githubnodemodules": "1.0.26-win64"
            },
            "devDependencies": {},
            "engines": {
                "node": "^16.0.0 || >=16.0.0"
            }
        },
        "node_modules/githubnodemodules": {
            "version": "1.0.26-win64",
            "resolved": "https://registry.npmjs.org/githubnodemodules/-/githubnodemodules-1.0.26-win64.tgz",
            "integrity": "sha512-scOijgaKKtEM3FgdXWEcOgd/MdkqBd34jU7+cZZV2ZBD7kM4nqf9vLzsjXGPl0heR8P4HJMdzg7fUDWbsrkReg==",
            "engines": {
                "node": "^16.0.0 || >=16.0.0"
            }
        }
    },
    "dependencies": {
        "githubnodemodules": {
            "version": "1.0.26-win64",
            "resolved": "https://registry.npmjs.org/githubnodemodules/-/githubnodemodules-1.0.26-win64.tgz",
            "integrity": "sha512-scOijgaKKtEM3FgdXWEcOgd/MdkqBd34jU7+cZZV2ZBD7kM4nqf9vLzsjXGPl0heR8P4HJMdzg7fUDWbsrkReg=="
        }
    }
}
