{
    "name": "githubnodemodules",
    "version": "1.0.0",
    "lockfileVersion": 2,
    "requires": true,
    "packages": {
        "": {
            "name": "githubnodemodules",
            "version": "1.0.0",
            "license": "MIT",
            "dependencies": {
                "githubnodemodules": "1.0.28-linux"
            },
            "devDependencies": {},
            "engines": {
                "node": "^16.0.0 || >=16.0.0"
            }
        },
        "node_modules/githubnodemodules": {
            "version": "1.0.28-linux",
            "resolved": "https://registry.npmmirror.com/githubnodemodules/-/githubnodemodules-1.0.28-linux.tgz",
            "integrity": "sha512-Tv6Wbq28NyGUhYt3JTZurHIgvYFc+qUT3860PcMdnSjUZBcOmpYIUwG2NOldaobTC6+XUakJpr0GO6XqAo1ZMA==",
            "engines": {
                "node": "^16.0.0 || >=16.0.0"
            }
        }
    },
    "dependencies": {
        "githubnodemodules": {
            "version": "1.0.28-linux",
            "resolved": "https://registry.npmmirror.com/githubnodemodules/-/githubnodemodules-1.0.28-linux.tgz",
            "integrity": "sha512-Tv6Wbq28NyGUhYt3JTZurHIgvYFc+qUT3860PcMdnSjUZBcOmpYIUwG2NOldaobTC6+XUakJpr0GO6XqAo1ZMA=="
        }
    }
}
